
Microsoft Visual Studio Solution File, Format Version 12.00
# Visual Studio Version 16
VisualStudioVersion = 16.0.32413.511
MinimumVisualStudioVersion = 10.0.40219.1
Project("{FAE04EC0-301F-11D3-BF4B-00C04F79EFBC}") = "proje", "proje\proje.csproj", "{24476C1F-FCC7-448C-9A6A-3DE338B03FEF}"
EndProject
Global
	GlobalSection(SolutionConfigurationPlatforms) = preSolution
		Debug|Any CPU = Debug|Any CPU
		Release|Any CPU = Release|Any CPU
	EndGlobalSection
	GlobalSection(ProjectConfigurationPlatforms) = postSolution
		{24476C1F-FCC7-448C-9A6A-3DE338B03FEF}.Debug|Any CPU.ActiveCfg = Debug|Any CPU
		{24476C1F-FCC7-448C-9A6A-3DE338B03FEF}.Debug|Any CPU.Build.0 = Debug|Any CPU
		{24476C1F-FCC7-448C-9A6A-3DE338B03FEF}.Release|Any CPU.ActiveCfg = Release|Any CPU
		{24476C1F-FCC7-448C-9A6A-3DE338B03FEF}.Release|Any CPU.Build.0 = Release|Any CPU
	EndGlobalSection
	GlobalSection(SolutionProperties) = preSolution
		HideSolutionNode = FALSE
	EndGlobalSection
	GlobalSection(ExtensibilityGlobals) = postSolution
		SolutionGuid = {CBC68EC3-C506-48F2-B077-8EE7E2EE94D3}
	EndGlobalSection
EndGlobal
